{
  "name": "@argon-lang/compiler-launcher-js",
  "version": "1.0.0",
  "lockfileVersion": 3,
  "requires": true,
  "packages": {
    "": {
      "name": "@argon-lang/compiler-launcher-js",
      "version": "1.0.0",
      "dependencies": {
        "@argon-lang/esexpr": "^0.2.1",
        "@argon-lang/js-backend-api": "file:../../../backend/api/js",
        "@argon-lang/noble-idl-core": "file:../../../../noble-idl/langs/js/runtime",
        "@argon-lang/node-driver-api": "file:../../driver-api/node",
        "@types/node": "^24.5.2"
      },
      "devDependencies": {
        "typescript": "^5.9.2"
      }
    },
    "../../../../noble-idl/langs/js/runtime": {
      "name": "@argon-lang/noble-idl-core",
      "version": "0.1.0",
      "license": "Apache-2.0",
      "dependencies": {
        "@argon-lang/esexpr": "^0.2.1"
      },
      "devDependencies": {
        "@types/node": "^24.0.15",
        "cpy-cli": "^5.0.0",
        "typescript": "^5.8.3"
      }
    },
    "../../../backend/api/js": {
      "name": "@argon-lang/js-backend-api",
      "version": "1.0.0",
      "dependencies": {
        "@argon-lang/esexpr": "^0.2.1",
        "@argon-lang/noble-idl-core": "file:../../../../noble-idl/langs/js/runtime"
      },
      "devDependencies": {
        "@argon-lang/noble-idl-compiler-js": "file:../../../../noble-idl/langs/js/backend",
        "@types/estree": "^1.0.8",
        "@types/node": "^24.3.0",
        "cpy-cli": "^6.0.0",
        "make-dir-cli": "^4.0.0",
        "rimraf": "^6.0.1",
        "typescript": "^5.9.2"
      }
    },
    "../../../noble-idl/langs/js/runtime": {
      "extraneous": true
    },
    "../../backend/api/js": {
      "extraneous": true
    },
    "../../driver-api/node": {
      "name": "@argon-lang/node-driver-api",
      "version": "1.0.0",
      "dependencies": {
        "@argon-lang/esexpr": "^0.2.1",
        "@argon-lang/js-backend-api": "file:../../../backend/api/js",
        "@argon-lang/noble-idl-core": "file:../../../../noble-idl/langs/js/runtime"
      },
      "devDependencies": {
        "@argon-lang/noble-idl-compiler-js": "file:../../../../noble-idl/langs/js/backend",
        "@types/estree": "^1.0.8",
        "@types/node": "^24.3.0",
        "cpy-cli": "^6.0.0",
        "make-dir-cli": "^4.0.0",
        "typescript": "^5.9.2"
      }
    },
    "../../noble-idl/langs/js/runtime": {
      "name": "@argon-lang/noble-idl-core",
      "version": "0.1.0",
      "extraneous": true,
      "license": "Apache-2.0",
      "dependencies": {
        "@argon-lang/esexpr": "^0.2.1"
      },
      "devDependencies": {
        "@types/node": "^24.0.15",
        "cpy-cli": "^5.0.0",
        "typescript": "^5.8.3"
      }
    },
    "../backend/api/js": {
      "name": "@argon-lang/js-backend-api",
      "version": "1.0.0",
      "extraneous": true,
      "dependencies": {
        "@argon-lang/esexpr": "^0.2.1",
        "@argon-lang/noble-idl-core": "file:../../../../noble-idl/langs/js/runtime"
      },
      "devDependencies": {
        "@argon-lang/noble-idl-compiler-js": "file:../../../../noble-idl/langs/js/backend",
        "@types/estree": "^1.0.8",
        "@types/node": "^24.3.0",
        "cpy-cli": "^6.0.0",
        "make-dir-cli": "^4.0.0",
        "rimraf": "^6.0.1",
        "typescript": "^5.9.2",
        "vitest": "^3.2.4"
      }
    },
    "node_modules/@argon-lang/esexpr": {
      "version": "0.2.1",
      "resolved": "https://registry.npmjs.org/@argon-lang/esexpr/-/esexpr-0.2.1.tgz",
      "integrity": "sha512-KZI7SDMJCebrHbwYZqnbXrJVdBbXiYAv6K4bjn2Bl3AJcF7Wj2CQvQEz37bCXooIufA9+luf4sO0eKPTBO4fMw==",
      "license": "Apache-2.0"
    },
    "node_modules/@argon-lang/js-backend-api": {
      "resolved": "../../../backend/api/js",
      "link": true
    },
    "node_modules/@argon-lang/noble-idl-core": {
      "resolved": "../../../../noble-idl/langs/js/runtime",
      "link": true
    },
    "node_modules/@argon-lang/node-driver-api": {
      "resolved": "../../driver-api/node",
      "link": true
    },
    "node_modules/@types/node": {
      "version": "24.5.2",
      "resolved": "https://registry.npmjs.org/@types/node/-/node-24.5.2.tgz",
      "integrity": "sha512-FYxk1I7wPv3K2XBaoyH2cTnocQEu8AOZ60hPbsyukMPLv5/5qr7V1i8PLHdl6Zf87I+xZXFvPCXYjiTFq+YSDQ==",
      "license": "MIT",
      "dependencies": {
        "undici-types": "~7.12.0"
      }
    },
    "node_modules/typescript": {
      "version": "5.9.2",
      "resolved": "https://registry.npmjs.org/typescript/-/typescript-5.9.2.tgz",
      "integrity": "sha512-CWBzXQrc/qOkhidw1OzBTQuYRbfyxDXJMVJ1XNwUHGROVmuaeiEm3OslpZ1RV96d7SKKjZKrSJu3+t/xlw3R9A==",
      "dev": true,
      "license": "Apache-2.0",
      "bin": {
        "tsc": "bin/tsc",
        "tsserver": "bin/tsserver"
      },
      "engines": {
        "node": ">=14.17"
      }
    },
    "node_modules/undici-types": {
      "version": "7.12.0",
      "resolved": "https://registry.npmjs.org/undici-types/-/undici-types-7.12.0.tgz",
      "integrity": "sha512-goOacqME2GYyOZZfb5Lgtu+1IDmAlAEu5xnD3+xTzS10hT0vzpf0SPjkXwAw9Jm+4n/mQGDP3LO8CPbYROeBfQ==",
      "license": "MIT"
    }
  }
}
