{
  "name": "argon-parser",
  "lockfileVersion": 2,
  "requires": true,
  "packages": {
    "": {
      "name": "argon-parser",
      "dependencies": {
        "@argon-lang/esexpr": "^0.1.17",
        "@argon-lang/js-compiler-backend": "file:../../../../backend/platforms/js/js-backend"
      },
      "devDependencies": {}
    },
    "../../../../backend/platforms/js/js-backend": {
      "name": "@argon-lang/js-compiler-backend",
      "version": "1.0.0",
      "dependencies": {
        "@argon-lang/esexpr": "^0.1.17",
        "@argon-lang/noble-idl-core": "file:../../../../../noble-idl/langs/js/runtime",
        "acorn": "^8.14.0",
        "astring": "^1.9.0",
        "source-map": "^0.7.4",
        "ts-command-line-args": "^2.5.1"
      },
      "devDependencies": {
        "@argon-lang/noble-idl-compiler-js": "file:../../../../../noble-idl/langs/js/backend",
        "@types/estree": "^1.0.6",
        "@types/node": "^22.13.1",
        "cpy-cli": "^5.0.0",
        "esbuild-wasm": "^0.25.0",
        "rimraf": "^6.0.1",
        "typescript": "^5.7.3",
        "vitest": "^3.0.5"
      }
    },
    "../../../backend/platforms/js/js-backend": {
      "extraneous": true
    },
    "../../backend/platforms/js/js-backend": {
      "extraneous": true
    },
    "node_modules/@argon-lang/esexpr": {
      "version": "0.1.17",
      "resolved": "https://registry.npmjs.org/@argon-lang/esexpr/-/esexpr-0.1.17.tgz",
      "integrity": "sha512-2veRfc9j/k44P0nfw4hi/8pJe44h2BOKDqUUlRgOautkiziMKgyud+0bYkRN+fQuyfXl3lMLntNSdsIkiiNEoQ==",
      "license": "Apache-2.0"
    },
    "node_modules/@argon-lang/js-compiler-backend": {
      "resolved": "../../../../backend/platforms/js/js-backend",
      "link": true
    },
    "plugin/api/js": {
      "extraneous": true
    },
    "plugin/util/js/module-resolution": {
      "extraneous": true
    }
  },
  "dependencies": {
    "@argon-lang/esexpr": {
      "version": "0.1.17",
      "resolved": "https://registry.npmjs.org/@argon-lang/esexpr/-/esexpr-0.1.17.tgz",
      "integrity": "sha512-2veRfc9j/k44P0nfw4hi/8pJe44h2BOKDqUUlRgOautkiziMKgyud+0bYkRN+fQuyfXl3lMLntNSdsIkiiNEoQ=="
    },
    "@argon-lang/js-compiler-backend": {
      "version": "file:../../../../backend/platforms/js/js-backend",
      "requires": {
        "@argon-lang/esexpr": "^0.1.17",
        "@argon-lang/noble-idl-compiler-js": "file:../../../../../noble-idl/langs/js/backend",
        "@argon-lang/noble-idl-core": "file:../../../../../noble-idl/langs/js/runtime",
        "@types/estree": "^1.0.6",
        "@types/node": "^22.13.1",
        "acorn": "^8.14.0",
        "astring": "^1.9.0",
        "cpy-cli": "^5.0.0",
        "esbuild-wasm": "^0.25.0",
        "rimraf": "^6.0.1",
        "source-map": "^0.7.4",
        "ts-command-line-args": "^2.5.1",
        "typescript": "^5.7.3",
        "vitest": "^3.0.5"
      }
    }
  }
}
