{
  "name": "argon-parser",
  "lockfileVersion": 2,
  "requires": true,
  "packages": {
    "": {
      "name": "argon-parser",
      "dependencies": {
        "@argon-lang/compiler-backend-js": "file:../../../../backend/backends/js",
        "@argon-lang/esexpr": "^0.2.1",
        "@argon-lang/js-backend-api": "file:../../../../backend/api/js"
      },
      "devDependencies": {}
    },
    "../../../../backend/api/js": {
      "name": "@argon-lang/js-backend-api",
      "version": "1.0.0",
      "dependencies": {
        "@argon-lang/esexpr": "^0.2.1",
        "@argon-lang/noble-idl-core": "file:../../../../noble-idl/langs/js/runtime"
      },
      "devDependencies": {
        "@argon-lang/noble-idl-compiler-js": "file:../../../../noble-idl/langs/js/backend",
        "@types/estree": "^1.0.8",
        "@types/node": "^24.3.0",
        "cpy-cli": "^6.0.0",
        "make-dir-cli": "^4.0.0",
        "rimraf": "^6.0.1",
        "typescript": "^5.9.2"
      }
    },
    "../../../../backend/backends/js": {
      "name": "@argon-lang/compiler-backend-js",
      "version": "1.0.0",
      "dependencies": {
        "@argon-lang/esexpr": "^0.2.1",
        "@argon-lang/js-backend-api": "file:../../api/js",
        "@argon-lang/js-module-resolution": "file:../../util/js-module-resolution",
        "@argon-lang/noble-idl-core": "file:../../../../noble-idl/langs/js/runtime",
        "acorn": "^8.15.0",
        "astring": "^1.9.0",
        "estree-util-is-identifier-name": "^3.0.0"
      },
      "devDependencies": {
        "@rollup/plugin-node-resolve": "^16.0.1",
        "@types/estree": "^1.0.8",
        "@types/node": "^24.3.1",
        "rollup": "^4.34.7",
        "source-map": "^0.7.4",
        "type-fest": "^4.41.0",
        "typescript": "^5.9.2",
        "vitest": "^3.2.4"
      }
    },
    "../../../../backend/backends/js/js-backend": {
      "name": "@argon-lang/js-compiler-backend",
      "version": "1.0.0",
      "extraneous": true,
      "dependencies": {
        "@argon-lang/esexpr": "^0.1.17",
        "@argon-lang/noble-idl-core": "file:../../../../../noble-idl/langs/js/runtime",
        "@rollup/plugin-node-resolve": "^16.0.0",
        "acorn": "^8.14.0",
        "astring": "^1.9.0",
        "rollup": "^4.34.7",
        "source-map": "^0.7.4",
        "ts-command-line-args": "^2.5.1"
      },
      "devDependencies": {
        "@argon-lang/noble-idl-compiler-js": "file:../../../../../noble-idl/langs/js/backend",
        "@types/estree": "^1.0.6",
        "@types/node": "^22.13.1",
        "cpy-cli": "^5.0.0",
        "make-dir-cli": "^4.0.0",
        "rimraf": "^6.0.1",
        "typescript": "^5.7.3",
        "vitest": "^3.0.6"
      }
    },
    "../../../../backend/platforms/js/js-backend": {
      "name": "@argon-lang/js-compiler-backend",
      "version": "1.0.0",
      "extraneous": true,
      "dependencies": {
        "@argon-lang/esexpr": "^0.1.17",
        "@argon-lang/noble-idl-core": "file:../../../../../noble-idl/langs/js/runtime",
        "@rollup/plugin-node-resolve": "^16.0.0",
        "acorn": "^8.14.0",
        "astring": "^1.9.0",
        "rollup": "^4.34.7",
        "source-map": "^0.7.4",
        "ts-command-line-args": "^2.5.1"
      },
      "devDependencies": {
        "@argon-lang/noble-idl-compiler-js": "file:../../../../../noble-idl/langs/js/backend",
        "@types/estree": "^1.0.6",
        "@types/node": "^22.13.1",
        "cpy-cli": "^5.0.0",
        "rimraf": "^6.0.1",
        "typescript": "^5.7.3",
        "vitest": "^3.0.5"
      }
    },
    "../../../backend/platforms/js/js-backend": {
      "extraneous": true
    },
    "../../backend/platforms/js/js-backend": {
      "extraneous": true
    },
    "node_modules/@argon-lang/compiler-backend-js": {
      "resolved": "../../../../backend/backends/js",
      "link": true
    },
    "node_modules/@argon-lang/esexpr": {
      "version": "0.2.1",
      "resolved": "https://registry.npmjs.org/@argon-lang/esexpr/-/esexpr-0.2.1.tgz",
      "integrity": "sha512-KZI7SDMJCebrHbwYZqnbXrJVdBbXiYAv6K4bjn2Bl3AJcF7Wj2CQvQEz37bCXooIufA9+luf4sO0eKPTBO4fMw==",
      "license": "Apache-2.0"
    },
    "node_modules/@argon-lang/js-backend-api": {
      "resolved": "../../../../backend/api/js",
      "link": true
    },
    "plugin/api/js": {
      "extraneous": true
    },
    "plugin/util/js/module-resolution": {
      "extraneous": true
    }
  },
  "dependencies": {
    "@argon-lang/compiler-backend-js": {
      "version": "file:../../../../backend/backends/js",
      "requires": {
        "@argon-lang/esexpr": "^0.2.1",
        "@argon-lang/js-backend-api": "file:../../api/js",
        "@argon-lang/js-module-resolution": "file:../../util/js-module-resolution",
        "@argon-lang/noble-idl-core": "file:../../../../noble-idl/langs/js/runtime",
        "@rollup/plugin-node-resolve": "^16.0.1",
        "@types/estree": "^1.0.8",
        "@types/node": "^24.3.1",
        "acorn": "^8.15.0",
        "astring": "^1.9.0",
        "estree-util-is-identifier-name": "^3.0.0",
        "rollup": "^4.34.7",
        "source-map": "^0.7.4",
        "type-fest": "^4.41.0",
        "typescript": "^5.9.2",
        "vitest": "^3.2.4"
      }
    },
    "@argon-lang/esexpr": {
      "version": "0.2.1",
      "resolved": "https://registry.npmjs.org/@argon-lang/esexpr/-/esexpr-0.2.1.tgz",
      "integrity": "sha512-KZI7SDMJCebrHbwYZqnbXrJVdBbXiYAv6K4bjn2Bl3AJcF7Wj2CQvQEz37bCXooIufA9+luf4sO0eKPTBO4fMw=="
    },
    "@argon-lang/js-backend-api": {
      "version": "file:../../../../backend/api/js",
      "requires": {
        "@argon-lang/esexpr": "^0.2.1",
        "@argon-lang/noble-idl-compiler-js": "file:../../../../noble-idl/langs/js/backend",
        "@argon-lang/noble-idl-core": "file:../../../../noble-idl/langs/js/runtime",
        "@types/estree": "^1.0.8",
        "@types/node": "^24.3.0",
        "cpy-cli": "^6.0.0",
        "make-dir-cli": "^4.0.0",
        "rimraf": "^6.0.1",
        "typescript": "^5.9.2"
      }
    }
  }
}
