{
  "name": "@argon-lang/vm-engine",
  "version": "0.0.1",
  "lockfileVersion": 2,
  "requires": true,
  "packages": {
    "": {
      "name": "@argon-lang/vm-engine",
      "version": "0.0.1",
      "license": "GPL-3.0-only",
      "dependencies": {
        "@argon-lang/vm-format": "file:../format"
      },
      "devDependencies": {
        "@types/node": "^18.8.3",
        "typescript": "^4.8.4"
      }
    },
    "../../format/js": {
      "name": "@argon-lang/vm-format",
      "version": "0.0.1",
      "extraneous": true,
      "license": "GPL-3.0-only",
      "dependencies": {
        "@protobuf-ts/runtime": "^2.8.1"
      },
      "devDependencies": {
        "@protobuf-ts/plugin": "^2.8.1",
        "mkdirp": "^1.0.4",
        "rimraf": "^3.0.2",
        "typescript": "^4.8.4"
      }
    },
    "../format": {
      "name": "@argon-lang/vm-format",
      "version": "0.0.1",
      "license": "GPL-3.0-only",
      "dependencies": {
        "@protobuf-ts/runtime": "^2.8.1"
      },
      "devDependencies": {
        "@protobuf-ts/plugin": "^2.8.1",
        "mkdirp": "^1.0.4",
        "rimraf": "^3.0.2",
        "typescript": "^4.8.4"
      }
    },
    "node_modules/@argon-lang/vm-format": {
      "resolved": "../format",
      "link": true
    },
    "node_modules/@types/node": {
      "version": "18.8.3",
      "resolved": "https://registry.npmjs.org/@types/node/-/node-18.8.3.tgz",
      "integrity": "sha512-0os9vz6BpGwxGe9LOhgP/ncvYN5Tx1fNcd2TM3rD/aCGBkysb+ZWpXEocG24h6ZzOi13+VB8HndAQFezsSOw1w==",
      "dev": true
    },
    "node_modules/typescript": {
      "version": "4.8.4",
      "resolved": "https://registry.npmjs.org/typescript/-/typescript-4.8.4.tgz",
      "integrity": "sha512-QCh+85mCy+h0IGff8r5XWzOVSbBO+KfeYrMQh7NJ58QujwcE22u+NUSmUxqF+un70P9GXKxa2HCNiTTMJknyjQ==",
      "dev": true,
      "bin": {
        "tsc": "bin/tsc",
        "tsserver": "bin/tsserver"
      },
      "engines": {
        "node": ">=4.2.0"
      }
    }
  },
  "dependencies": {
    "@argon-lang/vm-format": {
      "version": "file:../format",
      "requires": {
        "@protobuf-ts/plugin": "^2.8.1",
        "@protobuf-ts/runtime": "^2.8.1",
        "mkdirp": "^1.0.4",
        "rimraf": "^3.0.2",
        "typescript": "^4.8.4"
      }
    },
    "@types/node": {
      "version": "18.8.3",
      "resolved": "https://registry.npmjs.org/@types/node/-/node-18.8.3.tgz",
      "integrity": "sha512-0os9vz6BpGwxGe9LOhgP/ncvYN5Tx1fNcd2TM3rD/aCGBkysb+ZWpXEocG24h6ZzOi13+VB8HndAQFezsSOw1w==",
      "dev": true
    },
    "typescript": {
      "version": "4.8.4",
      "resolved": "https://registry.npmjs.org/typescript/-/typescript-4.8.4.tgz",
      "integrity": "sha512-QCh+85mCy+h0IGff8r5XWzOVSbBO+KfeYrMQh7NJ58QujwcE22u+NUSmUxqF+un70P9GXKxa2HCNiTTMJknyjQ==",
      "dev": true
    }
  }
}
