{
  "name": "argon-vm",
  "lockfileVersion": 3,
  "requires": true,
  "packages": {
    "": {
      "name": "argon-vm",
      "dependencies": {
        "@argon-lang/esexpr": "^0.1.16",
        "@argon-lang/js-compiler-backend": "file:../../backend/platforms/js/js-backend"
      },
      "devDependencies": {
        "@types/node": "18.8.1"
      }
    },
    "../../backend/platforms/js/js-backend": {},
    "node_modules/@argon-lang/esexpr": {
      "version": "0.1.16",
      "resolved": "https://registry.npmjs.org/@argon-lang/esexpr/-/esexpr-0.1.16.tgz",
      "integrity": "sha512-5aNeXFmoeWHUSmPXh07vGTxnoZWd1HE8THM7uZFyIio542+hJX6koddeppuCbF0d/ZkGCCRYc8V8CfsmByHfoQ=="
    },
    "node_modules/@argon-lang/js-compiler-backend": {
      "resolved": "../../backend/platforms/js/js-backend",
      "link": true
    },
    "node_modules/@types/node": {
      "version": "18.8.1",
      "resolved": "https://registry.npmjs.org/@types/node/-/node-18.8.1.tgz",
      "integrity": "sha512-vuYaNuEIbOYLTLUAJh50ezEbvxrD43iby+lpUA2aa148Nh5kX/AVO/9m1Ahmbux2iU5uxJTNF9g2Y+31uml7RQ==",
      "dev": true
    }
  }
}
